#MicroXplorer Configuration settings - do not modify
Mcu.Family=STM32F1
NVIC.SysTick_IRQn=true\:0\:0\:false\:false\:true\:false\:true
ProjectManager.LastFirmware=true
ProjectManager.MainLocation=Core/Src
ProjectManager.FirmwarePackage=STM32Cube FW_F1 V1.8.3
MxDb.Version=DB.6.0.21
ProjectManager.ProjectFileName=i2c_scan.ioc
RCC.APB2Freq_Value=8000000
USART2.IPParameters=VirtualMode
ProjectManager.BackupPrevious=false
MxCube.Version=6.2.1
ProjectManager.KeepUserCode=true
Mcu.UserName=STM32F103C8Tx
PA14.Mode=Serial_Wire
Mcu.PinsNb=7
ProjectManager.NoMain=false
File.Version=6
VP_SYS_VS_Systick.Mode=SysTick
RCC.PLLCLKFreq_Value=8000000
PB7.Signal=I2C1_SDA
NVIC.NonMaskableInt_IRQn=true\:0\:0\:false\:false\:true\:false\:false
NVIC.PendSV_IRQn=true\:0\:0\:false\:false\:true\:false\:false
ProjectManager.functionlistsort=1-MX_GPIO_Init-GPIO-false-HAL-true,2-SystemClock_Config-RCC-false-HAL-false,3-MX_I2C1_Init-I2C1-false-HAL-true,4-MX_USART1_UART_Init-USART1-false-HAL-true
PA13.Mode=Serial_Wire
ProjectManager.FreePins=false
RCC.IPParameters=APB1Freq_Value,APB2Freq_Value,FamilyName,PLLCLKFreq_Value,PLLMCOFreq_Value,TimSysFreq_Value
ProjectManager.DefaultFWLocation=true
ProjectManager.AskForMigrate=true
Mcu.Name=STM32F103C(8-B)Tx
ProjectManager.HalAssertFull=false
ProjectManager.DeletePrevious=true
PA2.Signal=USART2_TX
ProjectManager.ProjectName=i2c_scan
ProjectManager.UnderRoot=true
RCC.PLLMCOFreq_Value=4000000
ProjectManager.CoupleFile=false
PinOutPanel.RotationAngle=0
Mcu.Package=LQFP48
RCC.FamilyName=M
RCC.TimSysFreq_Value=8000000
ProjectManager.StackSize=0x400
NVIC.ForceEnableDMAVector=true
KeepUserPlacement=false
USART2.VirtualMode=VM_ASYNC
PA13.Signal=SYS_JTMS-SWDIO
PA3.Mode=Asynchronous
NVIC.MemoryManagement_IRQn=true\:0\:0\:false\:false\:true\:false\:false
Mcu.IP4=USART2
ProjectManager.CompilerOptimize=6
NVIC.SVCall_IRQn=true\:0\:0\:false\:false\:true\:false\:false
Mcu.IP2=RCC
ProjectManager.ToolChainLocation=
Mcu.IP3=SYS
PB7.Mode=I2C
VP_SYS_VS_Systick.Signal=SYS_VS_Systick
Mcu.IP0=I2C1
Mcu.IP1=NVIC
PA14.Signal=SYS_JTCK-SWCLK
ProjectManager.HeapSize=0x200
NVIC.HardFault_IRQn=true\:0\:0\:false\:false\:true\:false\:false
Mcu.UserConstants=
ProjectManager.TargetToolchain=STM32CubeIDE
ProjectManager.ComputerToolchain=false
Mcu.ThirdPartyNb=0
NVIC.PriorityGroup=NVIC_PRIORITYGROUP_4
Mcu.IPNb=5
ProjectManager.PreviousToolchain=
PA2.Mode=Asynchronous
PB6.Signal=I2C1_SCL
NVIC.BusFault_IRQn=true\:0\:0\:false\:false\:true\:false\:false
PB6.Mode=I2C
Mcu.Pin6=VP_SYS_VS_Systick
ProjectManager.RegisterCallBack=
RCC.APB1Freq_Value=8000000
Mcu.Pin0=PA2
Mcu.Pin1=PA3
Mcu.Pin2=PA13
ProjectManager.CustomerFirmwarePackage=
Mcu.Pin3=PA14
ProjectManager.DeviceId=STM32F103C8Tx
Mcu.Pin4=PB6
Mcu.Pin5=PB7
ProjectManager.LibraryCopy=1
ProjectManager.ProjectBuild=false
NVIC.UsageFault_IRQn=true\:0\:0\:false\:false\:true\:false\:false
PA3.Signal=USART2_RX
NVIC.DebugMonitor_IRQn=true\:0\:0\:false\:false\:true\:false\:false
board=custom
isbadioc=false
